
Microsoft Visual Studio Solution File, Format Version 12.00
# Visual Studio Version 17
VisualStudioVersion = 17.10.35013.160
MinimumVisualStudioVersion = 10.0.40219.1
Project("{FAE04EC0-301F-11D3-BF4B-00C04F79EFBC}") = "MedicalAPI", "MedicalAPI\MedicalAPI.csproj", "{561B1F0F-0484-4A82-81C4-268A091CEFF7}"
EndProject
Project("{FAE04EC0-301F-11D3-BF4B-00C04F79EFBC}") = "MedicalAPI.Domain", "MedicalAPI.Domain\MedicalAPI.Domain.csproj", "{B0D67082-77C2-4E5A-8706-FADAE65894F2}"
EndProject
Project("{FAE04EC0-301F-11D3-BF4B-00C04F79EFBC}") = "MedicalAPI.Application", "MedicalAPI.Application\MedicalAPI.Application.csproj", "{B647D765-2F3D-4A56-A986-AEA2952BED2F}"
EndProject
Project("{FAE04EC0-301F-11D3-BF4B-00C04F79EFBC}") = "MedicalAPI.Infrastructure", "MedicalAPI.Infrastructure\MedicalAPI.Infrastructure.csproj", "{95A9E847-1FAA-4B58-BF47-F73293ACE774}"
EndProject
Global
	GlobalSection(SolutionConfigurationPlatforms) = preSolution
		Debug|Any CPU = Debug|Any CPU
		Release|Any CPU = Release|Any CPU
	EndGlobalSection
	GlobalSection(ProjectConfigurationPlatforms) = postSolution
		{561B1F0F-0484-4A82-81C4-268A091CEFF7}.Debug|Any CPU.ActiveCfg = Debug|Any CPU
		{561B1F0F-0484-4A82-81C4-268A091CEFF7}.Debug|Any CPU.Build.0 = Debug|Any CPU
		{561B1F0F-0484-4A82-81C4-268A091CEFF7}.Release|Any CPU.ActiveCfg = Release|Any CPU
		{561B1F0F-0484-4A82-81C4-268A091CEFF7}.Release|Any CPU.Build.0 = Release|Any CPU
		{B0D67082-77C2-4E5A-8706-FADAE65894F2}.Debug|Any CPU.ActiveCfg = Debug|Any CPU
		{B0D67082-77C2-4E5A-8706-FADAE65894F2}.Debug|Any CPU.Build.0 = Debug|Any CPU
		{B0D67082-77C2-4E5A-8706-FADAE65894F2}.Release|Any CPU.ActiveCfg = Release|Any CPU
		{B0D67082-77C2-4E5A-8706-FADAE65894F2}.Release|Any CPU.Build.0 = Release|Any CPU
		{B647D765-2F3D-4A56-A986-AEA2952BED2F}.Debug|Any CPU.ActiveCfg = Debug|Any CPU
		{B647D765-2F3D-4A56-A986-AEA2952BED2F}.Debug|Any CPU.Build.0 = Debug|Any CPU
		{B647D765-2F3D-4A56-A986-AEA2952BED2F}.Release|Any CPU.ActiveCfg = Release|Any CPU
		{B647D765-2F3D-4A56-A986-AEA2952BED2F}.Release|Any CPU.Build.0 = Release|Any CPU
		{95A9E847-1FAA-4B58-BF47-F73293ACE774}.Debug|Any CPU.ActiveCfg = Debug|Any CPU
		{95A9E847-1FAA-4B58-BF47-F73293ACE774}.Debug|Any CPU.Build.0 = Debug|Any CPU
		{95A9E847-1FAA-4B58-BF47-F73293ACE774}.Release|Any CPU.ActiveCfg = Release|Any CPU
		{95A9E847-1FAA-4B58-BF47-F73293ACE774}.Release|Any CPU.Build.0 = Release|Any CPU
	EndGlobalSection
	GlobalSection(SolutionProperties) = preSolution
		HideSolutionNode = FALSE
	EndGlobalSection
	GlobalSection(ExtensibilityGlobals) = postSolution
		SolutionGuid = {1BF8876E-D069-47F3-BEFA-AD613C52E7CA}
	EndGlobalSection
EndGlobal
